
Microsoft Visual Studio Solution File, Format Version 12.00
# Visual Studio Version 17
VisualStudioVersion = 17.9.34622.214
MinimumVisualStudioVersion = 10.0.40219.1
Project("{FAE04EC0-301F-11D3-BF4B-00C04F79EFBC}") = "Estoque", "Estoque.csproj", "{DB0222EB-0C12-4849-82FE-07F1E6B04E5B}"
EndProject
Global
	GlobalSection(SolutionConfigurationPlatforms) = preSolution
		Debug|Any CPU = Debug|Any CPU
		Release|Any CPU = Release|Any CPU
	EndGlobalSection
	GlobalSection(ProjectConfigurationPlatforms) = postSolution
		{DB0222EB-0C12-4849-82FE-07F1E6B04E5B}.Debug|Any CPU.ActiveCfg = Debug|Any CPU
		{DB0222EB-0C12-4849-82FE-07F1E6B04E5B}.Debug|Any CPU.Build.0 = Debug|Any CPU
		{DB0222EB-0C12-4849-82FE-07F1E6B04E5B}.Release|Any CPU.ActiveCfg = Release|Any CPU
		{DB0222EB-0C12-4849-82FE-07F1E6B04E5B}.Release|Any CPU.Build.0 = Release|Any CPU
	EndGlobalSection
	GlobalSection(SolutionProperties) = preSolution
		HideSolutionNode = FALSE
	EndGlobalSection
	GlobalSection(ExtensibilityGlobals) = postSolution
		SolutionGuid = {D4D18E8E-27C6-4E14-87F0-FA00E9DD75A4}
	EndGlobalSection
EndGlobal
